{
  "name": "ota-site",
  "version": "1.0.0",
  "lockfileVersion": 1,
  "requires": true,
  "dependencies": {
    "@azure/abort-controller": {
      "version": "1.0.1",
      "resolved": "https://registry.npmjs.org/@azure/abort-controller/-/abort-controller-1.0.1.tgz",
      "integrity": "sha512-wP2Jw6uPp8DEDy0n4KNidvwzDjyVV2xnycEIq7nPzj1rHyb/r+t3OPeNT1INZePP2wy5ZqlwyuyOMTi0ePyY1A==",
      "requires": {
        "tslib": "^1.9.3"
      },
      "dependencies": {
        "tslib": {
          "version": "1.13.0",
          "resolved": "https://registry.npmjs.org/tslib/-/tslib-1.13.0.tgz",
          "integrity": "sha512-i/6DQjL8Xf3be4K/E6Wgpekn5Qasl1usyw++dAA35Ue5orEn65VIxOA+YvNNl9HV3qv70T7CNwjODHZrLwvd1Q=="
        }
      }
    },
    "@azure/core-asynciterator-polyfill": {
      "version": "1.0.0",
      "resolved": "https://registry.npmjs.org/@azure/core-asynciterator-polyfill/-/core-asynciterator-polyfill-1.0.0.tgz",
      "integrity": "sha512-kmv8CGrPfN9SwMwrkiBK9VTQYxdFQEGe0BmQk+M8io56P9KNzpAxcWE/1fxJj7uouwN4kXF0BHW8DNlgx+wtCg=="
    },
    "@azure/core-auth": {
      "version": "1.1.3",
      "resolved": "https://registry.npmjs.org/@azure/core-auth/-/core-auth-1.1.3.tgz",
      "integrity": "sha512-A4xigW0YZZpkj1zK7dKuzbBpGwnhEcRk6WWuIshdHC32raR3EQ1j6VA9XZqE+RFsUgH6OAmIK5BWIz+mZjnd6Q==",
      "requires": {
        "@azure/abort-controller": "^1.0.0",
        "@azure/core-tracing": "1.0.0-preview.8",
        "@opentelemetry/api": "^0.6.1",
        "tslib": "^2.0.0"
      }
    },
    "@azure/core-http": {
      "version": "1.1.5",
      "resolved": "https://registry.npmjs.org/@azure/core-http/-/core-http-1.1.5.tgz",
      "integrity": "sha512-4nrA7SzfPxoyTF7hzmN6Zi2RJf57/ZE5rKTSb2oCOrzxKqTRNZrBm0mCDxTLktxsRN1xbNUTxFy5dm/Irb1RCQ==",
      "requires": {
        "@azure/abort-controller": "^1.0.0",
        "@azure/core-auth": "^1.1.3",
        "@azure/core-tracing": "1.0.0-preview.8",
        "@azure/logger": "^1.0.0",
        "@opentelemetry/api": "^0.6.1",
        "@types/node-fetch": "^2.5.0",
        "@types/tunnel": "^0.0.1",
        "form-data": "^3.0.0",
        "node-fetch": "^2.6.0",
        "process": "^0.11.10",
        "tough-cookie": "^4.0.0",
        "tslib": "^2.0.0",
        "tunnel": "^0.0.6",
        "uuid": "^8.1.0",
        "xml2js": "^0.4.19"
      },
      "dependencies": {
        "uuid": {
          "version": "8.3.0",
          "resolved": "https://registry.npmjs.org/uuid/-/uuid-8.3.0.tgz",
          "integrity": "sha512-fX6Z5o4m6XsXBdli9g7DtWgAx+osMsRRZFKma1mIUsLCz6vRvv+pz5VNbyu9UEDzpMWulZfvpgb/cmDXVulYFQ=="
        }
      }
    },
    "@azure/core-lro": {
      "version": "1.0.2",
      "resolved": "https://registry.npmjs.org/@azure/core-lro/-/core-lro-1.0.2.tgz",
      "integrity": "sha512-Yr0JD7GKryOmbcb5wHCQoQ4KCcH5QJWRNorofid+UvudLaxnbCfvKh/cUfQsGUqRjO9L/Bw4X7FP824DcHdMxw==",
      "requires": {
        "@azure/abort-controller": "^1.0.0",
        "@azure/core-http": "^1.1.1",
        "events": "^3.0.0",
        "tslib": "^1.10.0"
      },
      "dependencies": {
        "tslib": {
          "version": "1.13.0",
          "resolved": "https://registry.npmjs.org/tslib/-/tslib-1.13.0.tgz",
          "integrity": "sha512-i/6DQjL8Xf3be4K/E6Wgpekn5Qasl1usyw++dAA35Ue5orEn65VIxOA+YvNNl9HV3qv70T7CNwjODHZrLwvd1Q=="
        }
      }
    },
    "@azure/core-paging": {
      "version": "1.1.1",
      "resolved": "https://registry.npmjs.org/@azure/core-paging/-/core-paging-1.1.1.tgz",
      "integrity": "sha512-hqEJBEGKan4YdOaL9ZG/GRG6PXaFd/Wb3SSjQW4LWotZzgl6xqG00h6wmkrpd2NNkbBkD1erLHBO3lPHApv+iQ==",
      "requires": {
        "@azure/core-asynciterator-polyfill": "^1.0.0"
      }
    },
    "@azure/core-tracing": {
      "version": "1.0.0-preview.8",
      "resolved": "https://registry.npmjs.org/@azure/core-tracing/-/core-tracing-1.0.0-preview.8.tgz",
      "integrity": "sha512-ZKUpCd7Dlyfn7bdc+/zC/sf0aRIaNQMDuSj2RhYRFe3p70hVAnYGp3TX4cnG2yoEALp/LTj/XnZGQ8Xzf6Ja/Q==",
      "requires": {
        "@opencensus/web-types": "0.0.7",
        "@opentelemetry/api": "^0.6.1",
        "tslib": "^1.10.0"
      },
      "dependencies": {
        "tslib": {
          "version": "1.13.0",
          "resolved": "https://registry.npmjs.org/tslib/-/tslib-1.13.0.tgz",
          "integrity": "sha512-i/6DQjL8Xf3be4K/E6Wgpekn5Qasl1usyw++dAA35Ue5orEn65VIxOA+YvNNl9HV3qv70T7CNwjODHZrLwvd1Q=="
        }
      }
    },
    "@azure/logger": {
      "version": "1.0.0",
      "resolved": "https://registry.npmjs.org/@azure/logger/-/logger-1.0.0.tgz",
      "integrity": "sha512-g2qLDgvmhyIxR3JVS8N67CyIOeFRKQlX/llxYJQr1OSGQqM3HTpVP8MjmjcEKbL/OIt2N9C9UFaNQuKOw1laOA==",
      "requires": {
        "tslib": "^1.9.3"
      },
      "dependencies": {
        "tslib": {
          "version": "1.13.0",
          "resolved": "https://registry.npmjs.org/tslib/-/tslib-1.13.0.tgz",
          "integrity": "sha512-i/6DQjL8Xf3be4K/E6Wgpekn5Qasl1usyw++dAA35Ue5orEn65VIxOA+YvNNl9HV3qv70T7CNwjODHZrLwvd1Q=="
        }
      }
    },
    "@azure/storage-blob": {
      "version": "12.2.0-preview.1",
      "resolved": "https://registry.npmjs.org/@azure/storage-blob/-/storage-blob-12.2.0-preview.1.tgz",
      "integrity": "sha512-4igL7EPn0pxDy7uUBTnx/kxqWK3ZXO7HkIEx919m+rCXLsCQzvLrDd7YGn8VI/bhO2JrPTM8vxPu7bNYC4aEwQ==",
      "requires": {
        "@azure/abort-controller": "^1.0.0",
        "@azure/core-http": "^1.1.1",
        "@azure/core-lro": "^1.0.2",
        "@azure/core-paging": "^1.1.1",
        "@azure/core-tracing": "1.0.0-preview.8",
        "@azure/logger": "^1.0.0",
        "@opentelemetry/api": "^0.6.1",
        "events": "^3.0.0",
        "tslib": "^2.0.0"
      }
    },
    "@opencensus/web-types": {
      "version": "0.0.7",
      "resolved": "https://registry.npmjs.org/@opencensus/web-types/-/web-types-0.0.7.tgz",
      "integrity": "sha512-xB+w7ZDAu3YBzqH44rCmG9/RlrOmFuDPt/bpf17eJr8eZSrLt7nc7LnWdxM9Mmoj/YKMHpxRg28txu3TcpiL+g=="
    },
    "@opentelemetry/api": {
      "version": "0.6.1",
      "resolved": "https://registry.npmjs.org/@opentelemetry/api/-/api-0.6.1.tgz",
      "integrity": "sha512-wpufGZa7tTxw7eAsjXJtiyIQ42IWQdX9iUQp7ACJcKo1hCtuhLU+K2Nv1U6oRwT1oAlZTE6m4CgWKZBhOiau3Q==",
      "requires": {
        "@opentelemetry/context-base": "^0.6.1"
      }
    },
    "@opentelemetry/context-base": {
      "version": "0.6.1",
      "resolved": "https://registry.npmjs.org/@opentelemetry/context-base/-/context-base-0.6.1.tgz",
      "integrity": "sha512-5bHhlTBBq82ti3qPT15TRxkYTFPPQWbnkkQkmHPtqiS1XcTB69cEKd3Jm7Cfi/vkPoyxapmePE9tyA7EzLt8SQ=="
    },
    "@types/node": {
      "version": "14.0.27",
      "resolved": "https://registry.npmjs.org/@types/node/-/node-14.0.27.tgz",
      "integrity": "sha512-kVrqXhbclHNHGu9ztnAwSncIgJv/FaxmzXJvGXNdcCpV1b8u1/Mi6z6m0vwy0LzKeXFTPLH0NzwmoJ3fNCIq0g=="
    },
    "@types/node-fetch": {
      "version": "2.5.7",
      "resolved": "https://registry.npmjs.org/@types/node-fetch/-/node-fetch-2.5.7.tgz",
      "integrity": "sha512-o2WVNf5UhWRkxlf6eq+jMZDu7kjgpgJfl4xVNlvryc95O/6F2ld8ztKX+qu+Rjyet93WAWm5LjeX9H5FGkODvw==",
      "requires": {
        "@types/node": "*",
        "form-data": "^3.0.0"
      }
    },
    "@types/tunnel": {
      "version": "0.0.1",
      "resolved": "https://registry.npmjs.org/@types/tunnel/-/tunnel-0.0.1.tgz",
      "integrity": "sha512-AOqu6bQu5MSWwYvehMXLukFHnupHrpZ8nvgae5Ggie9UwzDR1CCwoXgSSWNZJuyOlCdfdsWMA5F2LlmvyoTv8A==",
      "requires": {
        "@types/node": "*"
      }
    },
    "accepts": {
      "version": "1.3.7",
      "resolved": "https://registry.npmjs.org/accepts/-/accepts-1.3.7.tgz",
      "integrity": "sha512-Il80Qs2WjYlJIBNzNkK6KYqlVMTbZLXgHx2oT0pU/fjRHyEp+PEfEPY0R3WCwAGVOtauxh1hOxNgIf5bv7dQpA==",
      "requires": {
        "mime-types": "~2.1.24",
        "negotiator": "0.6.2"
      }
    },
    "array-flatten": {
      "version": "1.1.1",
      "resolved": "https://registry.npmjs.org/array-flatten/-/array-flatten-1.1.1.tgz",
      "integrity": "sha1-ml9pkFGx5wczKPKgCJaLZOopVdI="
    },
    "async": {
      "version": "2.6.3",
      "resolved": "https://registry.npmjs.org/async/-/async-2.6.3.tgz",
      "integrity": "sha512-zflvls11DCy+dQWzTW2dzuilv8Z5X/pjfmZOWba6TNIVDm+2UDaJmXSOXlasHKfNBs8oo3M0aT50fDEWfKZjXg==",
      "requires": {
        "lodash": "^4.17.14"
      }
    },
    "async-limiter": {
      "version": "1.0.1",
      "resolved": "https://registry.npmjs.org/async-limiter/-/async-limiter-1.0.1.tgz",
      "integrity": "sha512-csOlWGAcRFJaI6m+F2WKdnMKr4HhdhFVBk0H/QbJFMCr+uO2kwohwXQPxw/9OCxp05r5ghVBFSyioixx3gfkNQ=="
    },
    "asynckit": {
      "version": "0.4.0",
      "resolved": "https://registry.npmjs.org/asynckit/-/asynckit-0.4.0.tgz",
      "integrity": "sha1-x57Zf380y48robyXkLzDZkdLS3k="
    },
    "azure-iot-amqp-base": {
      "version": "2.4.4",
      "resolved": "https://registry.npmjs.org/azure-iot-amqp-base/-/azure-iot-amqp-base-2.4.4.tgz",
      "integrity": "sha512-NAAbq4Xf1rQf2BHegLBFvzhC0iszkWL7rVo8z2NgFi5+U7cdKPZ/6AjvloznXvN6Q/sdarghcYPH2XjTTz223A==",
      "requires": {
        "async": "^2.6.2",
        "azure-iot-common": "1.12.4",
        "debug": "^4.1.1",
        "lodash.merge": "^4.6.1",
        "machina": "^4.0.2",
        "rhea": "^1.0.15",
        "uuid": "^3.3.2",
        "ws": "^6.0.0"
      }
    },
    "azure-iot-common": {
      "version": "1.12.4",
      "resolved": "https://registry.npmjs.org/azure-iot-common/-/azure-iot-common-1.12.4.tgz",
      "integrity": "sha512-iCIx7NW4DcxCzT83+fwxTlTk2ipMvgt6P6yuL7gLbFFXB60oa6b3CqkT6/ArTGV4gfORcipAhMBZv7igD6oTsA==",
      "requires": {
        "debug": "^4.1.1",
        "getos": "^3.1.1"
      }
    },
    "azure-iot-http-base": {
      "version": "1.11.4",
      "resolved": "https://registry.npmjs.org/azure-iot-http-base/-/azure-iot-http-base-1.11.4.tgz",
      "integrity": "sha512-OsucwoptU5BTPQI+GvSjc0KRzPvfankvhgxQ+PfsCsVLmlU8mjsQNXBTsE5WU1PPP5hem6XwjbpnZgAo0i2GbA==",
      "requires": {
        "azure-iot-common": "1.12.4",
        "debug": "^4.1.1",
        "uuid": "^3.3.2"
      }
    },
    "azure-iothub": {
      "version": "1.12.4",
      "resolved": "https://registry.npmjs.org/azure-iothub/-/azure-iothub-1.12.4.tgz",
      "integrity": "sha512-jYBRUewf9VyVUkA/p9z7tvYL2bIJe6Rz/ncnjlWcT3a85XMtoI2Jj2/UsNNeymtIk1Y6xjWaLdzgsKunfB0xdg==",
      "requires": {
        "async": "^2.6.2",
        "azure-iot-amqp-base": "2.4.4",
        "azure-iot-common": "1.12.4",
        "azure-iot-http-base": "1.11.4",
        "debug": "^4.1.1",
        "lodash": "^4.17.15",
        "machina": "^4.0.2",
        "rhea": "^1.0.15"
      }
    },
    "balanced-match": {
      "version": "1.0.0",
      "resolved": "https://registry.npmjs.org/balanced-match/-/balanced-match-1.0.0.tgz",
      "integrity": "sha1-ibTRmasr7kneFk6gK4nORi1xt2c="
    },
    "body-parser": {
      "version": "1.19.0",
      "resolved": "https://registry.npmjs.org/body-parser/-/body-parser-1.19.0.tgz",
      "integrity": "sha512-dhEPs72UPbDnAQJ9ZKMNTP6ptJaionhP5cBb541nXPlW60Jepo9RV/a4fX4XWW9CuFNK22krhrj1+rgzifNCsw==",
      "requires": {
        "bytes": "3.1.0",
        "content-type": "~1.0.4",
        "debug": "2.6.9",
        "depd": "~1.1.2",
        "http-errors": "1.7.2",
        "iconv-lite": "0.4.24",
        "on-finished": "~2.3.0",
        "qs": "6.7.0",
        "raw-body": "2.4.0",
        "type-is": "~1.6.17"
      },
      "dependencies": {
        "debug": {
          "version": "2.6.9",
          "resolved": "https://registry.npmjs.org/debug/-/debug-2.6.9.tgz",
          "integrity": "sha512-bC7ElrdJaJnPbAP+1EotYvqZsb3ecl5wi6Bfi6BJTUcNowp6cvspg0jXznRTKDjm/E7AdgFBVeAPVMNcKGsHMA==",
          "requires": {
            "ms": "2.0.0"
          }
        },
        "ms": {
          "version": "2.0.0",
          "resolved": "https://registry.npmjs.org/ms/-/ms-2.0.0.tgz",
          "integrity": "sha1-VgiurfwAvmwpAd9fmGF4jeDVl8g="
        }
      }
    },
    "brace-expansion": {
      "version": "1.1.11",
      "resolved": "https://registry.npmjs.org/brace-expansion/-/brace-expansion-1.1.11.tgz",
      "integrity": "sha512-iCuPHDFgrHX7H2vEI/5xpz07zSHB00TpugqhmYtVmMO6518mCuRMoOYFldEBl0g187ufozdaHgWKcYFb61qGiA==",
      "requires": {
        "balanced-match": "^1.0.0",
        "concat-map": "0.0.1"
      }
    },
    "busboy": {
      "version": "0.3.1",
      "resolved": "https://registry.npmjs.org/busboy/-/busboy-0.3.1.tgz",
      "integrity": "sha512-y7tTxhGKXcyBxRKAni+awqx8uqaJKrSFSNFSeRG5CsWNdmy2BIK+6VGWEW7TZnIO/533mtMEA4rOevQV815YJw==",
      "requires": {
        "dicer": "0.3.0"
      }
    },
    "bytes": {
      "version": "3.1.0",
      "resolved": "https://registry.npmjs.org/bytes/-/bytes-3.1.0.tgz",
      "integrity": "sha512-zauLjrfCG+xvoyaqLoV8bLVXXNGC4JqlxFCutSDWA6fJrTo2ZuvLYTqZ7aHBLZSMOopbzwv8f+wZcVzfVTI2Dg=="
    },
    "combined-stream": {
      "version": "1.0.8",
      "resolved": "https://registry.npmjs.org/combined-stream/-/combined-stream-1.0.8.tgz",
      "integrity": "sha512-FQN4MRfuJeHf7cBbBMJFXhKSDq+2kAArBlmRBvcvFE5BB1HZKXtSFASDhdlz9zOYwxh8lDdnvmMOe/+5cdoEdg==",
      "requires": {
        "delayed-stream": "~1.0.0"
      }
    },
    "concat-map": {
      "version": "0.0.1",
      "resolved": "https://registry.npmjs.org/concat-map/-/concat-map-0.0.1.tgz",
      "integrity": "sha1-2Klr13/Wjfd5OnMDajug1UBdR3s="
    },
    "content-disposition": {
      "version": "0.5.3",
      "resolved": "https://registry.npmjs.org/content-disposition/-/content-disposition-0.5.3.tgz",
      "integrity": "sha512-ExO0774ikEObIAEV9kDo50o+79VCUdEB6n6lzKgGwupcVeRlhrj3qGAfwq8G6uBJjkqLrhT0qEYFcWng8z1z0g==",
      "requires": {
        "safe-buffer": "5.1.2"
      }
    },
    "content-type": {
      "version": "1.0.4",
      "resolved": "https://registry.npmjs.org/content-type/-/content-type-1.0.4.tgz",
      "integrity": "sha512-hIP3EEPs8tB9AT1L+NUqtwOAps4mk2Zob89MWXMHjHWg9milF/j4osnnQLXBCBFBk/tvIG/tUc9mOUJiPBhPXA=="
    },
    "cookie": {
      "version": "0.4.0",
      "resolved": "https://registry.npmjs.org/cookie/-/cookie-0.4.0.tgz",
      "integrity": "sha512-+Hp8fLp57wnUSt0tY0tHEXh4voZRDnoIrZPqlo3DPiI4y9lwg/jqx+1Om94/W6ZaPDOUbnjOt/99w66zk+l1Xg=="
    },
    "cookie-signature": {
      "version": "1.0.6",
      "resolved": "https://registry.npmjs.org/cookie-signature/-/cookie-signature-1.0.6.tgz",
      "integrity": "sha1-4wOogrNCzD7oylE6eZmXNNqzriw="
    },
    "cors": {
      "version": "2.8.5",
      "resolved": "https://registry.npmjs.org/cors/-/cors-2.8.5.tgz",
      "integrity": "sha512-KIHbLJqu73RGr/hnbrO9uBeixNGuvSQjul/jdFvS/KFSIH1hWVd1ng7zOHx+YrEfInLG7q4n6GHQ9cDtxv/P6g==",
      "requires": {
        "object-assign": "^4",
        "vary": "^1"
      }
    },
    "debug": {
      "version": "4.1.1",
      "resolved": "https://registry.npmjs.org/debug/-/debug-4.1.1.tgz",
      "integrity": "sha512-pYAIzeRo8J6KPEaJ0VWOh5Pzkbw/RetuzehGM7QRRX5he4fPHx2rdKMB256ehJCkX+XRQm16eZLqLNS8RSZXZw==",
      "requires": {
        "ms": "^2.1.1"
      }
    },
    "delayed-stream": {
      "version": "1.0.0",
      "resolved": "https://registry.npmjs.org/delayed-stream/-/delayed-stream-1.0.0.tgz",
      "integrity": "sha1-3zrhmayt+31ECqrgsp4icrJOxhk="
    },
    "depd": {
      "version": "1.1.2",
      "resolved": "https://registry.npmjs.org/depd/-/depd-1.1.2.tgz",
      "integrity": "sha1-m81S4UwJd2PnSbJ0xDRu0uVgtak="
    },
    "destroy": {
      "version": "1.0.4",
      "resolved": "https://registry.npmjs.org/destroy/-/destroy-1.0.4.tgz",
      "integrity": "sha1-l4hXRCxEdJ5CBmE+N5RiBYJqvYA="
    },
    "dicer": {
      "version": "0.3.0",
      "resolved": "https://registry.npmjs.org/dicer/-/dicer-0.3.0.tgz",
      "integrity": "sha512-MdceRRWqltEG2dZqO769g27N/3PXfcKl04VhYnBlo2YhH7zPi88VebsjTKclaOyiuMaGU72hTfw3VkUitGcVCA==",
      "requires": {
        "streamsearch": "0.1.2"
      }
    },
    "dotenv": {
      "version": "8.2.0",
      "resolved": "https://registry.npmjs.org/dotenv/-/dotenv-8.2.0.tgz",
      "integrity": "sha512-8sJ78ElpbDJBHNeBzUbUVLsqKdccaa/BXF1uPTw3GrvQTBgrQrtObr2mUrE38vzYd8cEv+m/JBfDLioYcfXoaw=="
    },
    "ee-first": {
      "version": "1.1.1",
      "resolved": "https://registry.npmjs.org/ee-first/-/ee-first-1.1.1.tgz",
      "integrity": "sha1-WQxhFWsK4vTwJVcyoViyZrxWsh0="
    },
    "encodeurl": {
      "version": "1.0.2",
      "resolved": "https://registry.npmjs.org/encodeurl/-/encodeurl-1.0.2.tgz",
      "integrity": "sha1-rT/0yG7C0CkyL1oCw6mmBslbP1k="
    },
    "escape-html": {
      "version": "1.0.3",
      "resolved": "https://registry.npmjs.org/escape-html/-/escape-html-1.0.3.tgz",
      "integrity": "sha1-Aljq5NPQwJdN4cFpGI7wBR0dGYg="
    },
    "etag": {
      "version": "1.8.1",
      "resolved": "https://registry.npmjs.org/etag/-/etag-1.8.1.tgz",
      "integrity": "sha1-Qa4u62XvpiJorr/qg6x9eSmbCIc="
    },
    "events": {
      "version": "3.2.0",
      "resolved": "https://registry.npmjs.org/events/-/events-3.2.0.tgz",
      "integrity": "sha512-/46HWwbfCX2xTawVfkKLGxMifJYQBWMwY1mjywRtb4c9x8l5NP3KoJtnIOiL1hfdRkIuYhETxQlo62IF8tcnlg=="
    },
    "express": {
      "version": "4.17.1",
      "resolved": "https://registry.npmjs.org/express/-/express-4.17.1.tgz",
      "integrity": "sha512-mHJ9O79RqluphRrcw2X/GTh3k9tVv8YcoyY4Kkh4WDMUYKRZUq0h1o0w2rrrxBqM7VoeUVqgb27xlEMXTnYt4g==",
      "requires": {
        "accepts": "~1.3.7",
        "array-flatten": "1.1.1",
        "body-parser": "1.19.0",
        "content-disposition": "0.5.3",
        "content-type": "~1.0.4",
        "cookie": "0.4.0",
        "cookie-signature": "1.0.6",
        "debug": "2.6.9",
        "depd": "~1.1.2",
        "encodeurl": "~1.0.2",
        "escape-html": "~1.0.3",
        "etag": "~1.8.1",
        "finalhandler": "~1.1.2",
        "fresh": "0.5.2",
        "merge-descriptors": "1.0.1",
        "methods": "~1.1.2",
        "on-finished": "~2.3.0",
        "parseurl": "~1.3.3",
        "path-to-regexp": "0.1.7",
        "proxy-addr": "~2.0.5",
        "qs": "6.7.0",
        "range-parser": "~1.2.1",
        "safe-buffer": "5.1.2",
        "send": "0.17.1",
        "serve-static": "1.14.1",
        "setprototypeof": "1.1.1",
        "statuses": "~1.5.0",
        "type-is": "~1.6.18",
        "utils-merge": "1.0.1",
        "vary": "~1.1.2"
      },
      "dependencies": {
        "debug": {
          "version": "2.6.9",
          "resolved": "https://registry.npmjs.org/debug/-/debug-2.6.9.tgz",
          "integrity": "sha512-bC7ElrdJaJnPbAP+1EotYvqZsb3ecl5wi6Bfi6BJTUcNowp6cvspg0jXznRTKDjm/E7AdgFBVeAPVMNcKGsHMA==",
          "requires": {
            "ms": "2.0.0"
          }
        },
        "ms": {
          "version": "2.0.0",
          "resolved": "https://registry.npmjs.org/ms/-/ms-2.0.0.tgz",
          "integrity": "sha1-VgiurfwAvmwpAd9fmGF4jeDVl8g="
        }
      }
    },
    "express-fileupload": {
      "version": "1.1.9",
      "resolved": "https://registry.npmjs.org/express-fileupload/-/express-fileupload-1.1.9.tgz",
      "integrity": "sha512-f2w0aoe7lj3NeD8a4MXmYQsqir3Z66I08l9AKq04QbFUAjeZNmPwTlR5Lx2NGwSu/PslsAjGC38MWzo5tTjoBg==",
      "requires": {
        "busboy": "^0.3.1"
      }
    },
    "express-handlebars": {
      "version": "5.1.0",
      "resolved": "https://registry.npmjs.org/express-handlebars/-/express-handlebars-5.1.0.tgz",
      "integrity": "sha512-EHu7Lz1q3OOPSv1wyxN0pOMhAcljx0UUACrFAnSgoBdKc6YCBFl7qW3w6TQZ8d6kWA14xAH9pLMsR0N9vJ3iGw==",
      "requires": {
        "glob": "^7.1.6",
        "graceful-fs": "^4.2.4",
        "handlebars": "^4.7.6"
      }
    },
    "finalhandler": {
      "version": "1.1.2",
      "resolved": "https://registry.npmjs.org/finalhandler/-/finalhandler-1.1.2.tgz",
      "integrity": "sha512-aAWcW57uxVNrQZqFXjITpW3sIUQmHGG3qSb9mUah9MgMC4NeWhNOlNjXEYq3HjRAvL6arUviZGGJsBg6z0zsWA==",
      "requires": {
        "debug": "2.6.9",
        "encodeurl": "~1.0.2",
        "escape-html": "~1.0.3",
        "on-finished": "~2.3.0",
        "parseurl": "~1.3.3",
        "statuses": "~1.5.0",
        "unpipe": "~1.0.0"
      },
      "dependencies": {
        "debug": {
          "version": "2.6.9",
          "resolved": "https://registry.npmjs.org/debug/-/debug-2.6.9.tgz",
          "integrity": "sha512-bC7ElrdJaJnPbAP+1EotYvqZsb3ecl5wi6Bfi6BJTUcNowp6cvspg0jXznRTKDjm/E7AdgFBVeAPVMNcKGsHMA==",
          "requires": {
            "ms": "2.0.0"
          }
        },
        "ms": {
          "version": "2.0.0",
          "resolved": "https://registry.npmjs.org/ms/-/ms-2.0.0.tgz",
          "integrity": "sha1-VgiurfwAvmwpAd9fmGF4jeDVl8g="
        }
      }
    },
    "form-data": {
      "version": "3.0.0",
      "resolved": "https://registry.npmjs.org/form-data/-/form-data-3.0.0.tgz",
      "integrity": "sha512-CKMFDglpbMi6PyN+brwB9Q/GOw0eAnsrEZDgcsH5Krhz5Od/haKHAX0NmQfha2zPPz0JpWzA7GJHGSnvCRLWsg==",
      "requires": {
        "asynckit": "^0.4.0",
        "combined-stream": "^1.0.8",
        "mime-types": "^2.1.12"
      }
    },
    "forwarded": {
      "version": "0.1.2",
      "resolved": "https://registry.npmjs.org/forwarded/-/forwarded-0.1.2.tgz",
      "integrity": "sha1-mMI9qxF1ZXuMBXPozszZGw/xjIQ="
    },
    "fresh": {
      "version": "0.5.2",
      "resolved": "https://registry.npmjs.org/fresh/-/fresh-0.5.2.tgz",
      "integrity": "sha1-PYyt2Q2XZWn6g1qx+OSyOhBWBac="
    },
    "fs.realpath": {
      "version": "1.0.0",
      "resolved": "https://registry.npmjs.org/fs.realpath/-/fs.realpath-1.0.0.tgz",
      "integrity": "sha1-FQStJSMVjKpA20onh8sBQRmU6k8="
    },
    "getos": {
      "version": "3.2.1",
      "resolved": "https://registry.npmjs.org/getos/-/getos-3.2.1.tgz",
      "integrity": "sha512-U56CfOK17OKgTVqozZjUKNdkfEv6jk5WISBJ8SHoagjE6L69zOwl3Z+O8myjY9MEW3i2HPWQBt/LTbCgcC973Q==",
      "requires": {
        "async": "^3.2.0"
      },
      "dependencies": {
        "async": {
          "version": "3.2.0",
          "resolved": "https://registry.npmjs.org/async/-/async-3.2.0.tgz",
          "integrity": "sha512-TR2mEZFVOj2pLStYxLht7TyfuRzaydfpxr3k9RpHIzMgw7A64dzsdqCxH1WJyQdoe8T10nDXd9wnEigmiuHIZw=="
        }
      }
    },
    "glob": {
      "version": "7.1.6",
      "resolved": "https://registry.npmjs.org/glob/-/glob-7.1.6.tgz",
      "integrity": "sha512-LwaxwyZ72Lk7vZINtNNrywX0ZuLyStrdDtabefZKAY5ZGJhVtgdznluResxNmPitE0SAO+O26sWTHeKSI2wMBA==",
      "requires": {
        "fs.realpath": "^1.0.0",
        "inflight": "^1.0.4",
        "inherits": "2",
        "minimatch": "^3.0.4",
        "once": "^1.3.0",
        "path-is-absolute": "^1.0.0"
      }
    },
    "graceful-fs": {
      "version": "4.2.4",
      "resolved": "https://registry.npmjs.org/graceful-fs/-/graceful-fs-4.2.4.tgz",
      "integrity": "sha512-WjKPNJF79dtJAVniUlGGWHYGz2jWxT6VhN/4m1NdkbZ2nOsEF+cI1Edgql5zCRhs/VsQYRvrXctxktVXZUkixw=="
    },
    "handlebars": {
      "version": "4.7.6",
      "resolved": "https://registry.npmjs.org/handlebars/-/handlebars-4.7.6.tgz",
      "integrity": "sha512-1f2BACcBfiwAfStCKZNrUCgqNZkGsAT7UM3kkYtXuLo0KnaVfjKOyf7PRzB6++aK9STyT1Pd2ZCPe3EGOXleXA==",
      "requires": {
        "minimist": "^1.2.5",
        "neo-async": "^2.6.0",
        "source-map": "^0.6.1",
        "uglify-js": "^3.1.4",
        "wordwrap": "^1.0.0"
      }
    },
    "http": {
      "version": "0.0.1-security",
      "resolved": "https://registry.npmjs.org/http/-/http-0.0.1-security.tgz",
      "integrity": "sha512-RnDvP10Ty9FxqOtPZuxtebw1j4L/WiqNMDtuc1YMH1XQm5TgDRaR1G9u8upL6KD1bXHSp9eSXo/ED+8Q7FAr+g=="
    },
    "http-errors": {
      "version": "1.7.2",
      "resolved": "https://registry.npmjs.org/http-errors/-/http-errors-1.7.2.tgz",
      "integrity": "sha512-uUQBt3H/cSIVfch6i1EuPNy/YsRSOUBXTVfZ+yR7Zjez3qjBz6i9+i4zjNaoqcoFVI4lQJ5plg63TvGfRSDCRg==",
      "requires": {
        "depd": "~1.1.2",
        "inherits": "2.0.3",
        "setprototypeof": "1.1.1",
        "statuses": ">= 1.5.0 < 2",
        "toidentifier": "1.0.0"
      }
    },
    "iconv-lite": {
      "version": "0.4.24",
      "resolved": "https://registry.npmjs.org/iconv-lite/-/iconv-lite-0.4.24.tgz",
      "integrity": "sha512-v3MXnZAcvnywkTUEZomIActle7RXXeedOR31wwl7VlyoXO4Qi9arvSenNQWne1TcRwhCL1HwLI21bEqdpj8/rA==",
      "requires": {
        "safer-buffer": ">= 2.1.2 < 3"
      }
    },
    "inflight": {
      "version": "1.0.6",
      "resolved": "https://registry.npmjs.org/inflight/-/inflight-1.0.6.tgz",
      "integrity": "sha1-Sb1jMdfQLQwJvJEKEHW6gWW1bfk=",
      "requires": {
        "once": "^1.3.0",
        "wrappy": "1"
      }
    },
    "inherits": {
      "version": "2.0.3",
      "resolved": "https://registry.npmjs.org/inherits/-/inherits-2.0.3.tgz",
      "integrity": "sha1-Yzwsg+PaQqUC9SRmAiSA9CCCYd4="
    },
    "ipaddr.js": {
      "version": "1.9.1",
      "resolved": "https://registry.npmjs.org/ipaddr.js/-/ipaddr.js-1.9.1.tgz",
      "integrity": "sha512-0KI/607xoxSToH7GjN1FfSbLoU0+btTicjsQSWQlh/hZykN8KpmMf7uYwPW3R+akZ6R/w18ZlXSHBYXiYUPO3g=="
    },
    "lodash": {
      "version": "4.17.19",
      "resolved": "https://registry.npmjs.org/lodash/-/lodash-4.17.19.tgz",
      "integrity": "sha512-JNvd8XER9GQX0v2qJgsaN/mzFCNA5BRe/j8JN9d+tWyGLSodKQHKFicdwNYzWwI3wjRnaKPsGj1XkBjx/F96DQ=="
    },
    "lodash.merge": {
      "version": "4.6.2",
      "resolved": "https://registry.npmjs.org/lodash.merge/-/lodash.merge-4.6.2.tgz",
      "integrity": "sha512-0KpjqXRVvrYyCsX1swR/XTK0va6VQkQM6MNo7PqW77ByjAhoARA8EfrP1N4+KlKj8YS0ZUCtRT/YUuhyYDujIQ=="
    },
    "machina": {
      "version": "4.0.2",
      "resolved": "https://registry.npmjs.org/machina/-/machina-4.0.2.tgz",
      "integrity": "sha512-OOlFrW1rd783S6tF36v5Ie/TM64gfvSl9kYLWL2cPA31J71HHWW3XrgSe1BZSFAPkh8532CMJMLv/s9L2aopiA==",
      "requires": {
        "lodash": "^4.17.5"
      }
    },
    "media-typer": {
      "version": "0.3.0",
      "resolved": "https://registry.npmjs.org/media-typer/-/media-typer-0.3.0.tgz",
      "integrity": "sha1-hxDXrwqmJvj/+hzgAWhUUmMlV0g="
    },
    "merge-descriptors": {
      "version": "1.0.1",
      "resolved": "https://registry.npmjs.org/merge-descriptors/-/merge-descriptors-1.0.1.tgz",
      "integrity": "sha1-sAqqVW3YtEVoFQ7J0blT8/kMu2E="
    },
    "methods": {
      "version": "1.1.2",
      "resolved": "https://registry.npmjs.org/methods/-/methods-1.1.2.tgz",
      "integrity": "sha1-VSmk1nZUE07cxSZmVoNbD4Ua/O4="
    },
    "mime": {
      "version": "1.6.0",
      "resolved": "https://registry.npmjs.org/mime/-/mime-1.6.0.tgz",
      "integrity": "sha512-x0Vn8spI+wuJ1O6S7gnbaQg8Pxh4NNHb7KSINmEWKiPE4RKOplvijn+NkmYmmRgP68mc70j2EbeTFRsrswaQeg=="
    },
    "mime-db": {
      "version": "1.44.0",
      "resolved": "https://registry.npmjs.org/mime-db/-/mime-db-1.44.0.tgz",
      "integrity": "sha512-/NOTfLrsPBVeH7YtFPgsVWveuL+4SjjYxaQ1xtM1KMFj7HdxlBlxeyNLzhyJVx7r4rZGJAZ/6lkKCitSc/Nmpg=="
    },
    "mime-types": {
      "version": "2.1.27",
      "resolved": "https://registry.npmjs.org/mime-types/-/mime-types-2.1.27.tgz",
      "integrity": "sha512-JIhqnCasI9yD+SsmkquHBxTSEuZdQX5BuQnS2Vc7puQQQ+8yiP5AY5uWhpdv4YL4VM5c6iliiYWPgJ/nJQLp7w==",
      "requires": {
        "mime-db": "1.44.0"
      }
    },
    "minimatch": {
      "version": "3.0.4",
      "resolved": "https://registry.npmjs.org/minimatch/-/minimatch-3.0.4.tgz",
      "integrity": "sha512-yJHVQEhyqPLUTgt9B83PXu6W3rx4MvvHvSUvToogpwoGDOUQ+yDrR0HRot+yOCdCO7u4hX3pWft6kWBBcqh0UA==",
      "requires": {
        "brace-expansion": "^1.1.7"
      }
    },
    "minimist": {
      "version": "1.2.5",
      "resolved": "https://registry.npmjs.org/minimist/-/minimist-1.2.5.tgz",
      "integrity": "sha512-FM9nNUYrRBAELZQT3xeZQ7fmMOBg6nWNmJKTcgsJeaLstP/UODVpGsr5OhXhhXg6f+qtJ8uiZ+PUxkDWcgIXLw=="
    },
    "ms": {
      "version": "2.1.2",
      "resolved": "https://registry.npmjs.org/ms/-/ms-2.1.2.tgz",
      "integrity": "sha512-sGkPx+VjMtmA6MX27oA4FBFELFCZZ4S4XqeGOXCv68tT+jb3vk/RyaKWP0PTKyWtmLSM0b+adUTEvbs1PEaH2w=="
    },
    "negotiator": {
      "version": "0.6.2",
      "resolved": "https://registry.npmjs.org/negotiator/-/negotiator-0.6.2.tgz",
      "integrity": "sha512-hZXc7K2e+PgeI1eDBe/10Ard4ekbfrrqG8Ep+8Jmf4JID2bNg7NvCPOZN+kfF574pFQI7mum2AUqDidoKqcTOw=="
    },
    "neo-async": {
      "version": "2.6.2",
      "resolved": "https://registry.npmjs.org/neo-async/-/neo-async-2.6.2.tgz",
      "integrity": "sha512-Yd3UES5mWCSqR+qNT93S3UoYUkqAZ9lLg8a7g9rimsWmYGK8cVToA4/sF3RrshdyV3sAGMXVUmpMYOw+dLpOuw=="
    },
    "node-fetch": {
      "version": "2.6.0",
      "resolved": "https://registry.npmjs.org/node-fetch/-/node-fetch-2.6.0.tgz",
      "integrity": "sha512-8dG4H5ujfvFiqDmVu9fQ5bOHUC15JMjMY/Zumv26oOvvVJjM67KF8koCWIabKQ1GJIa9r2mMZscBq/TbdOcmNA=="
    },
    "object-assign": {
      "version": "4.1.1",
      "resolved": "https://registry.npmjs.org/object-assign/-/object-assign-4.1.1.tgz",
      "integrity": "sha1-IQmtx5ZYh8/AXLvUQsrIv7s2CGM="
    },
    "on-finished": {
      "version": "2.3.0",
      "resolved": "https://registry.npmjs.org/on-finished/-/on-finished-2.3.0.tgz",
      "integrity": "sha1-IPEzZIGwg811M3mSoWlxqi2QaUc=",
      "requires": {
        "ee-first": "1.1.1"
      }
    },
    "once": {
      "version": "1.4.0",
      "resolved": "https://registry.npmjs.org/once/-/once-1.4.0.tgz",
      "integrity": "sha1-WDsap3WWHUsROsF9nFC6753Xa9E=",
      "requires": {
        "wrappy": "1"
      }
    },
    "parseurl": {
      "version": "1.3.3",
      "resolved": "https://registry.npmjs.org/parseurl/-/parseurl-1.3.3.tgz",
      "integrity": "sha512-CiyeOxFT/JZyN5m0z9PfXw4SCBJ6Sygz1Dpl0wqjlhDEGGBP1GnsUVEL0p63hoG1fcj3fHynXi9NYO4nWOL+qQ=="
    },
    "path": {
      "version": "0.12.7",
      "resolved": "https://registry.npmjs.org/path/-/path-0.12.7.tgz",
      "integrity": "sha1-1NwqUGxM4hl+tIHr/NWzbAFAsQ8=",
      "requires": {
        "process": "^0.11.1",
        "util": "^0.10.3"
      }
    },
    "path-is-absolute": {
      "version": "1.0.1",
      "resolved": "https://registry.npmjs.org/path-is-absolute/-/path-is-absolute-1.0.1.tgz",
      "integrity": "sha1-F0uSaHNVNP+8es5r9TpanhtcX18="
    },
    "path-to-regexp": {
      "version": "0.1.7",
      "resolved": "https://registry.npmjs.org/path-to-regexp/-/path-to-regexp-0.1.7.tgz",
      "integrity": "sha1-32BBeABfUi8V60SQ5yR6G/qmf4w="
    },
    "process": {
      "version": "0.11.10",
      "resolved": "https://registry.npmjs.org/process/-/process-0.11.10.tgz",
      "integrity": "sha1-czIwDoQBYb2j5podHZGn1LwW8YI="
    },
    "proxy-addr": {
      "version": "2.0.6",
      "resolved": "https://registry.npmjs.org/proxy-addr/-/proxy-addr-2.0.6.tgz",
      "integrity": "sha512-dh/frvCBVmSsDYzw6n926jv974gddhkFPfiN8hPOi30Wax25QZyZEGveluCgliBnqmuM+UJmBErbAUFIoDbjOw==",
      "requires": {
        "forwarded": "~0.1.2",
        "ipaddr.js": "1.9.1"
      }
    },
    "psl": {
      "version": "1.8.0",
      "resolved": "https://registry.npmjs.org/psl/-/psl-1.8.0.tgz",
      "integrity": "sha512-RIdOzyoavK+hA18OGGWDqUTsCLhtA7IcZ/6NCs4fFJaHBDab+pDDmDIByWFRQJq2Cd7r1OoQxBGKOaztq+hjIQ=="
    },
    "punycode": {
      "version": "2.1.1",
      "resolved": "https://registry.npmjs.org/punycode/-/punycode-2.1.1.tgz",
      "integrity": "sha512-XRsRjdf+j5ml+y/6GKHPZbrF/8p2Yga0JPtdqTIY2Xe5ohJPD9saDJJLPvp9+NSBprVvevdXZybnj2cv8OEd0A=="
    },
    "qs": {
      "version": "6.7.0",
      "resolved": "https://registry.npmjs.org/qs/-/qs-6.7.0.tgz",
      "integrity": "sha512-VCdBRNFTX1fyE7Nb6FYoURo/SPe62QCaAyzJvUjwRaIsc+NePBEniHlvxFmmX56+HZphIGtV0XeCirBtpDrTyQ=="
    },
    "range-parser": {
      "version": "1.2.1",
      "resolved": "https://registry.npmjs.org/range-parser/-/range-parser-1.2.1.tgz",
      "integrity": "sha512-Hrgsx+orqoygnmhFbKaHE6c296J+HTAQXoxEF6gNupROmmGJRoyzfG3ccAveqCBrwr/2yxQ5BVd/GTl5agOwSg=="
    },
    "raw-body": {
      "version": "2.4.0",
      "resolved": "https://registry.npmjs.org/raw-body/-/raw-body-2.4.0.tgz",
      "integrity": "sha512-4Oz8DUIwdvoa5qMJelxipzi/iJIi40O5cGV1wNYp5hvZP8ZN0T+jiNkL0QepXs+EsQ9XJ8ipEDoiH70ySUJP3Q==",
      "requires": {
        "bytes": "3.1.0",
        "http-errors": "1.7.2",
        "iconv-lite": "0.4.24",
        "unpipe": "1.0.0"
      }
    },
    "rhea": {
      "version": "1.0.23",
      "resolved": "https://registry.npmjs.org/rhea/-/rhea-1.0.23.tgz",
      "integrity": "sha512-c6xocb+x3uqcC30WDbbIQzeLuc0KNellSNWIzjUDC1WzlM/BwWnsVukDIP89+aqJ0MYAwly/B+ozGwdrF+EBrw==",
      "requires": {
        "debug": "0.8.0 - 3.5.0"
      },
      "dependencies": {
        "debug": {
          "version": "3.2.6",
          "resolved": "https://registry.npmjs.org/debug/-/debug-3.2.6.tgz",
          "integrity": "sha512-mel+jf7nrtEl5Pn1Qx46zARXKDpBbvzezse7p7LqINmdoIk8PYP5SySaxEmYv6TZ0JyEKA1hsCId6DIhgITtWQ==",
          "requires": {
            "ms": "^2.1.1"
          }
        }
      }
    },
    "safe-buffer": {
      "version": "5.1.2",
      "resolved": "https://registry.npmjs.org/safe-buffer/-/safe-buffer-5.1.2.tgz",
      "integrity": "sha512-Gd2UZBJDkXlY7GbJxfsE8/nvKkUEU1G38c1siN6QP6a9PT9MmHB8GnpscSmMJSoF8LOIrt8ud/wPtojys4G6+g=="
    },
    "safer-buffer": {
      "version": "2.1.2",
      "resolved": "https://registry.npmjs.org/safer-buffer/-/safer-buffer-2.1.2.tgz",
      "integrity": "sha512-YZo3K82SD7Riyi0E1EQPojLz7kpepnSQI9IyPbHHg1XXXevb5dJI7tpyN2ADxGcQbHG7vcyRHk0cbwqcQriUtg=="
    },
    "sax": {
      "version": "1.2.4",
      "resolved": "https://registry.npmjs.org/sax/-/sax-1.2.4.tgz",
      "integrity": "sha512-NqVDv9TpANUjFm0N8uM5GxL36UgKi9/atZw+x7YFnQ8ckwFGKrl4xX4yWtrey3UJm5nP1kUbnYgLopqWNSRhWw=="
    },
    "send": {
      "version": "0.17.1",
      "resolved": "https://registry.npmjs.org/send/-/send-0.17.1.tgz",
      "integrity": "sha512-BsVKsiGcQMFwT8UxypobUKyv7irCNRHk1T0G680vk88yf6LBByGcZJOTJCrTP2xVN6yI+XjPJcNuE3V4fT9sAg==",
      "requires": {
        "debug": "2.6.9",
        "depd": "~1.1.2",
        "destroy": "~1.0.4",
        "encodeurl": "~1.0.2",
        "escape-html": "~1.0.3",
        "etag": "~1.8.1",
        "fresh": "0.5.2",
        "http-errors": "~1.7.2",
        "mime": "1.6.0",
        "ms": "2.1.1",
        "on-finished": "~2.3.0",
        "range-parser": "~1.2.1",
        "statuses": "~1.5.0"
      },
      "dependencies": {
        "debug": {
          "version": "2.6.9",
          "resolved": "https://registry.npmjs.org/debug/-/debug-2.6.9.tgz",
          "integrity": "sha512-bC7ElrdJaJnPbAP+1EotYvqZsb3ecl5wi6Bfi6BJTUcNowp6cvspg0jXznRTKDjm/E7AdgFBVeAPVMNcKGsHMA==",
          "requires": {
            "ms": "2.0.0"
          },
          "dependencies": {
            "ms": {
              "version": "2.0.0",
              "resolved": "https://registry.npmjs.org/ms/-/ms-2.0.0.tgz",
              "integrity": "sha1-VgiurfwAvmwpAd9fmGF4jeDVl8g="
            }
          }
        },
        "ms": {
          "version": "2.1.1",
          "resolved": "https://registry.npmjs.org/ms/-/ms-2.1.1.tgz",
          "integrity": "sha512-tgp+dl5cGk28utYktBsrFqA7HKgrhgPsg6Z/EfhWI4gl1Hwq8B/GmY/0oXZ6nF8hDVesS/FpnYaD/kOWhYQvyg=="
        }
      }
    },
    "serve-static": {
      "version": "1.14.1",
      "resolved": "https://registry.npmjs.org/serve-static/-/serve-static-1.14.1.tgz",
      "integrity": "sha512-JMrvUwE54emCYWlTI+hGrGv5I8dEwmco/00EvkzIIsR7MqrHonbD9pO2MOfFnpFntl7ecpZs+3mW+XbQZu9QCg==",
      "requires": {
        "encodeurl": "~1.0.2",
        "escape-html": "~1.0.3",
        "parseurl": "~1.3.3",
        "send": "0.17.1"
      }
    },
    "setprototypeof": {
      "version": "1.1.1",
      "resolved": "https://registry.npmjs.org/setprototypeof/-/setprototypeof-1.1.1.tgz",
      "integrity": "sha512-JvdAWfbXeIGaZ9cILp38HntZSFSo3mWg6xGcJJsd+d4aRMOqauag1C63dJfDw7OaMYwEbHMOxEZ1lqVRYP2OAw=="
    },
    "source-map": {
      "version": "0.6.1",
      "resolved": "https://registry.npmjs.org/source-map/-/source-map-0.6.1.tgz",
      "integrity": "sha512-UjgapumWlbMhkBgzT7Ykc5YXUT46F0iKu8SGXq0bcwP5dz/h0Plj6enJqjz1Zbq2l5WaqYnrVbwWOWMyF3F47g=="
    },
    "statuses": {
      "version": "1.5.0",
      "resolved": "https://registry.npmjs.org/statuses/-/statuses-1.5.0.tgz",
      "integrity": "sha1-Fhx9rBd2Wf2YEfQ3cfqZOBR4Yow="
    },
    "streamsearch": {
      "version": "0.1.2",
      "resolved": "https://registry.npmjs.org/streamsearch/-/streamsearch-0.1.2.tgz",
      "integrity": "sha1-gIudDlb8Jz2Am6VzOOkpkZoanxo="
    },
    "toidentifier": {
      "version": "1.0.0",
      "resolved": "https://registry.npmjs.org/toidentifier/-/toidentifier-1.0.0.tgz",
      "integrity": "sha512-yaOH/Pk/VEhBWWTlhI+qXxDFXlejDGcQipMlyxda9nthulaxLZUNcUqFxokp0vcYnvteJln5FNQDRrxj3YcbVw=="
    },
    "tough-cookie": {
      "version": "4.0.0",
      "resolved": "https://registry.npmjs.org/tough-cookie/-/tough-cookie-4.0.0.tgz",
      "integrity": "sha512-tHdtEpQCMrc1YLrMaqXXcj6AxhYi/xgit6mZu1+EDWUn+qhUf8wMQoFIy9NXuq23zAwtcB0t/MjACGR18pcRbg==",
      "requires": {
        "psl": "^1.1.33",
        "punycode": "^2.1.1",
        "universalify": "^0.1.2"
      }
    },
    "tslib": {
      "version": "2.0.0",
      "resolved": "https://registry.npmjs.org/tslib/-/tslib-2.0.0.tgz",
      "integrity": "sha512-lTqkx847PI7xEDYJntxZH89L2/aXInsyF2luSafe/+0fHOMjlBNXdH6th7f70qxLDhul7KZK0zC8V5ZIyHl0/g=="
    },
    "tunnel": {
      "version": "0.0.6",
      "resolved": "https://registry.npmjs.org/tunnel/-/tunnel-0.0.6.tgz",
      "integrity": "sha512-1h/Lnq9yajKY2PEbBadPXj3VxsDDu844OnaAo52UVmIzIvwwtBPIuNvkjuzBlTWpfJyUbG3ez0KSBibQkj4ojg=="
    },
    "type-is": {
      "version": "1.6.18",
      "resolved": "https://registry.npmjs.org/type-is/-/type-is-1.6.18.tgz",
      "integrity": "sha512-TkRKr9sUTxEH8MdfuCSP7VizJyzRNMjj2J2do2Jr3Kym598JVdEksuzPQCnlFPW4ky9Q+iA+ma9BGm06XQBy8g==",
      "requires": {
        "media-typer": "0.3.0",
        "mime-types": "~2.1.24"
      }
    },
    "uglify-js": {
      "version": "3.10.1",
      "resolved": "https://registry.npmjs.org/uglify-js/-/uglify-js-3.10.1.tgz",
      "integrity": "sha512-RjxApKkrPJB6kjJxQS3iZlf///REXWYxYJxO/MpmlQzVkDWVI3PSnCBWezMecmTU/TRkNxrl8bmsfFQCp+LO+Q==",
      "optional": true
    },
    "universalify": {
      "version": "0.1.2",
      "resolved": "https://registry.npmjs.org/universalify/-/universalify-0.1.2.tgz",
      "integrity": "sha512-rBJeI5CXAlmy1pV+617WB9J63U6XcazHHF2f2dbJix4XzpUF0RS3Zbj0FGIOCAva5P/d/GBOYaACQ1w+0azUkg=="
    },
    "unpipe": {
      "version": "1.0.0",
      "resolved": "https://registry.npmjs.org/unpipe/-/unpipe-1.0.0.tgz",
      "integrity": "sha1-sr9O6FFKrmFltIF4KdIbLvSZBOw="
    },
    "util": {
      "version": "0.10.4",
      "resolved": "https://registry.npmjs.org/util/-/util-0.10.4.tgz",
      "integrity": "sha512-0Pm9hTQ3se5ll1XihRic3FDIku70C+iHUdT/W926rSgHV5QgXsYbKZN8MSC3tJtSkhuROzvsQjAaFENRXr+19A==",
      "requires": {
        "inherits": "2.0.3"
      }
    },
    "utils-merge": {
      "version": "1.0.1",
      "resolved": "https://registry.npmjs.org/utils-merge/-/utils-merge-1.0.1.tgz",
      "integrity": "sha1-n5VxD1CiZ5R7LMwSR0HBAoQn5xM="
    },
    "uuid": {
      "version": "3.4.0",
      "resolved": "https://registry.npmjs.org/uuid/-/uuid-3.4.0.tgz",
      "integrity": "sha512-HjSDRw6gZE5JMggctHBcjVak08+KEVhSIiDzFnT9S9aegmp85S/bReBVTb4QTFaRNptJ9kuYaNhnbNEOkbKb/A=="
    },
    "vary": {
      "version": "1.1.2",
      "resolved": "https://registry.npmjs.org/vary/-/vary-1.1.2.tgz",
      "integrity": "sha1-IpnwLG3tMNSllhsLn3RSShj2NPw="
    },
    "wordwrap": {
      "version": "1.0.0",
      "resolved": "https://registry.npmjs.org/wordwrap/-/wordwrap-1.0.0.tgz",
      "integrity": "sha1-J1hIEIkUVqQXHI0CJkQa3pDLyus="
    },
    "wrappy": {
      "version": "1.0.2",
      "resolved": "https://registry.npmjs.org/wrappy/-/wrappy-1.0.2.tgz",
      "integrity": "sha1-tSQ9jz7BqjXxNkYFvA0QNuMKtp8="
    },
    "ws": {
      "version": "6.2.1",
      "resolved": "https://registry.npmjs.org/ws/-/ws-6.2.1.tgz",
      "integrity": "sha512-GIyAXC2cB7LjvpgMt9EKS2ldqr0MTrORaleiOno6TweZ6r3TKtoFQWay/2PceJ3RuBasOHzXNn5Lrw1X0bEjqA==",
      "requires": {
        "async-limiter": "~1.0.0"
      }
    },
    "xml2js": {
      "version": "0.4.23",
      "resolved": "https://registry.npmjs.org/xml2js/-/xml2js-0.4.23.tgz",
      "integrity": "sha512-ySPiMjM0+pLDftHgXY4By0uswI3SPKLDw/i3UXbnO8M/p28zqexCUoPmQFrYD+/1BzhGJSs2i1ERWKJAtiLrug==",
      "requires": {
        "sax": ">=0.6.0",
        "xmlbuilder": "~11.0.0"
      }
    },
    "xmlbuilder": {
      "version": "11.0.1",
      "resolved": "https://registry.npmjs.org/xmlbuilder/-/xmlbuilder-11.0.1.tgz",
      "integrity": "sha512-fDlsI/kFEx7gLvbecc0/ohLG50fugQp8ryHzMTuW9vSa1GJ0XYWKnhsUx7oie3G98+r56aTQIUB4kht42R3JvA=="
    }
  }
}
